// !$*UTF8*$!
{
	archiveVersion = 1;
	classes = {
	};
	objectVersion = 46;
	objects = {

/* Begin PBXBuildFile section */
		5D00D06A1EAF7D6C00B6AA09 /* placeCell.swift in Sources */ = {isa = PBXBuildFile; fileRef = 5D00D0691EAF7D6C00B6AA09 /* placeCell.swift */; };
		5D00D06C1EAF7DFA00B6AA09 /* GameOverViewController.swift in Sources */ = {isa = PBXBuildFile; fileRef = 5D00D06B1EAF7DFA00B6AA09 /* GameOverViewController.swift */; };
		5D171B911EABBCE60005BFD3 /* KDCircularProgress.swift in Sources */ = {isa = PBXBuildFile; fileRef = 5D171B901EABBCE60005BFD3 /* KDCircularProgress.swift */; };
		5D171B931EABDE940005BFD3 /* QuizController.swift in Sources */ = {isa = PBXBuildFile; fileRef = 5D171B921EABDE940005BFD3 /* QuizController.swift */; };
		5DC0737D1EA95B6D0028BBFA /* AppDelegate.swift in Sources */ = {isa = PBXBuildFile; fileRef = 5DC0737C1EA95B6D0028BBFA /* AppDelegate.swift */; };
		5DC0737F1EA95B6D0028BBFA /* ViewController.swift in Sources */ = {isa = PBXBuildFile; fileRef = 5DC0737E1EA95B6D0028BBFA /* ViewController.swift */; };
		5DC073841EA95B6D0028BBFA /* Assets.xcassets in Resources */ = {isa = PBXBuildFile; fileRef = 5DC073831EA95B6D0028BBFA /* Assets.xcassets */; };
		5DC073871EA95B6D0028BBFA /* LaunchScreen.storyboard in Resources */ = {isa = PBXBuildFile; fileRef = 5DC073851EA95B6D0028BBFA /* LaunchScreen.storyboard */; };
		5DC0738F1EA95BCF0028BBFA /* Main.storyboard in Resources */ = {isa = PBXBuildFile; fileRef = 5DC0738E1EA95BCF0028BBFA /* Main.storyboard */; };
		B52F7FD61EAC484600395BC7 /* Player.swift in Sources */ = {isa = PBXBuildFile; fileRef = B52F7FD51EAC484600395BC7 /* Player.swift */; };
		B5FAE43C1EABB5550041E0F0 /* Quiz.swift in Sources */ = {isa = PBXBuildFile; fileRef = B5FAE43B1EABB5550041E0F0 /* Quiz.swift */; };
		B5FAE43E1EABCEC80041E0F0 /* Question.swift in Sources */ = {isa = PBXBuildFile; fileRef = B5FAE43D1EABCEC80041E0F0 /* Question.swift */; };
/* End PBXBuildFile section */

/* Begin PBXFileReference section */
		5D00D0691EAF7D6C00B6AA09 /* placeCell.swift */ = {isa = PBXFileReference; fileEncoding = 4; lastKnownFileType = sourcecode.swift; path = placeCell.swift; sourceTree = "<group>"; };
		5D00D06B1EAF7DFA00B6AA09 /* GameOverViewController.swift */ = {isa = PBXFileReference; fileEncoding = 4; lastKnownFileType = sourcecode.swift; path = GameOverViewController.swift; sourceTree = "<group>"; };
		5D171B901EABBCE60005BFD3 /* KDCircularProgress.swift */ = {isa = PBXFileReference; fileEncoding = 4; lastKnownFileType = sourcecode.swift; path = KDCircularProgress.swift; sourceTree = "<group>"; };
		5D171B921EABDE940005BFD3 /* QuizController.swift */ = {isa = PBXFileReference; fileEncoding = 4; lastKnownFileType = sourcecode.swift; path = QuizController.swift; sourceTree = "<group>"; };
		5DC073791EA95B6D0028BBFA /* MultiChat.app */ = {isa = PBXFileReference; explicitFileType = wrapper.application; includeInIndex = 0; path = MultiChat.app; sourceTree = BUILT_PRODUCTS_DIR; };
		5DC0737C1EA95B6D0028BBFA /* AppDelegate.swift */ = {isa = PBXFileReference; lastKnownFileType = sourcecode.swift; path = AppDelegate.swift; sourceTree = "<group>"; };
		5DC0737E1EA95B6D0028BBFA /* ViewController.swift */ = {isa = PBXFileReference; lastKnownFileType = sourcecode.swift; path = ViewController.swift; sourceTree = "<group>"; };
		5DC073831EA95B6D0028BBFA /* Assets.xcassets */ = {isa = PBXFileReference; lastKnownFileType = folder.assetcatalog; path = Assets.xcassets; sourceTree = "<group>"; };
		5DC073861EA95B6D0028BBFA /* Base */ = {isa = PBXFileReference; lastKnownFileType = file.storyboard; name = Base; path = Base.lproj/LaunchScreen.storyboard; sourceTree = "<group>"; };
		5DC073881EA95B6D0028BBFA /* Info.plist */ = {isa = PBXFileReference; lastKnownFileType = text.plist.xml; path = Info.plist; sourceTree = "<group>"; };
		5DC0738E1EA95BCF0028BBFA /* Main.storyboard */ = {isa = PBXFileReference; fileEncoding = 4; lastKnownFileType = file.storyboard; path = Main.storyboard; sourceTree = "<group>"; };
		B52F7FD51EAC484600395BC7 /* Player.swift */ = {isa = PBXFileReference; fileEncoding = 4; lastKnownFileType = sourcecode.swift; path = Player.swift; sourceTree = "<group>"; };
		B5FAE43B1EABB5550041E0F0 /* Quiz.swift */ = {isa = PBXFileReference; fileEncoding = 4; lastKnownFileType = sourcecode.swift; path = Quiz.swift; sourceTree = "<group>"; };
		B5FAE43D1EABCEC80041E0F0 /* Question.swift */ = {isa = PBXFileReference; fileEncoding = 4; lastKnownFileType = sourcecode.swift; path = Question.swift; sourceTree = "<group>"; };
/* End PBXFileReference section */

/* Begin PBXFrameworksBuildPhase section */
		5DC073761EA95B6D0028BBFA /* Frameworks */ = {
			isa = PBXFrameworksBuildPhase;
			buildActionMask = 2147483647;
			files = (
			);
			runOnlyForDeploymentPostprocessing = 0;
		};
/* End PBXFrameworksBuildPhase section */

/* Begin PBXGroup section */
		5DC073701EA95B6D0028BBFA = {
			isa = PBXGroup;
			children = (
				5DC0737B1EA95B6D0028BBFA /* MultiChat */,
				5DC0737A1EA95B6D0028BBFA /* Products */,
			);
			sourceTree = "<group>";
		};
		5DC0737A1EA95B6D0028BBFA /* Products */ = {
			isa = PBXGroup;
			children = (
				5DC073791EA95B6D0028BBFA /* MultiChat.app */,
			);
			name = Products;
			sourceTree = "<group>";
		};
		5DC0737B1EA95B6D0028BBFA /* MultiChat */ = {
			isa = PBXGroup;
			children = (
				5DC0737C1EA95B6D0028BBFA /* AppDelegate.swift */,
				5DC0737E1EA95B6D0028BBFA /* ViewController.swift */,
				B52F7FD51EAC484600395BC7 /* Player.swift */,
				B5FAE43B1EABB5550041E0F0 /* Quiz.swift */,
				B5FAE43D1EABCEC80041E0F0 /* Question.swift */,
				5DC073831EA95B6D0028BBFA /* Assets.xcassets */,
				5DC073851EA95B6D0028BBFA /* LaunchScreen.storyboard */,
				5DC073881EA95B6D0028BBFA /* Info.plist */,
				5D171B901EABBCE60005BFD3 /* KDCircularProgress.swift */,
				5D171B921EABDE940005BFD3 /* QuizController.swift */,
				5D00D0691EAF7D6C00B6AA09 /* placeCell.swift */,
				5D00D06B1EAF7DFA00B6AA09 /* GameOverViewController.swift */,
				5DC0738E1EA95BCF0028BBFA /* Main.storyboard */,
			);
			path = MultiChat;
			sourceTree = "<group>";
		};
/* End PBXGroup section */

/* Begin PBXNativeTarget section */
		5DC073781EA95B6D0028BBFA /* MultiChat */ = {
			isa = PBXNativeTarget;
			buildConfigurationList = 5DC0738B1EA95B6D0028BBFA /* Build configuration list for PBXNativeTarget "MultiChat" */;
			buildPhases = (
				5DC073751EA95B6D0028BBFA /* Sources */,
				5DC073761EA95B6D0028BBFA /* Frameworks */,
				5DC073771EA95B6D0028BBFA /* Resources */,
			);
			buildRules = (
			);
			dependencies = (
			);
			name = MultiChat;
			productName = MultiChat;
			productReference = 5DC073791EA95B6D0028BBFA /* MultiChat.app */;
			productType = "com.apple.product-type.application";
		};
/* End PBXNativeTarget section */

/* Begin PBXProject section */
		5DC073711EA95B6D0028BBFA /* Project object */ = {
			isa = PBXProject;
			attributes = {
				LastSwiftUpdateCheck = 0830;
				LastUpgradeCheck = 0830;
				ORGANIZATIONNAME = "Brandon Watts";
				TargetAttributes = {
					5DC073781EA95B6D0028BBFA = {
						CreatedOnToolsVersion = 8.3.2;
						DevelopmentTeam = 8B4QBLLSCD;
						ProvisioningStyle = Automatic;
					};
				};
			};
			buildConfigurationList = 5DC073741EA95B6D0028BBFA /* Build configuration list for PBXProject "MultiChat" */;
			compatibilityVersion = "Xcode 3.2";
			developmentRegion = English;
			hasScannedForEncodings = 0;
			knownRegions = (
				en,
				Base,
			);
			mainGroup = 5DC073701EA95B6D0028BBFA;
			productRefGroup = 5DC0737A1EA95B6D0028BBFA /* Products */;
			projectDirPath = "";
			projectRoot = "";
			targets = (
				5DC073781EA95B6D0028BBFA /* MultiChat */,
			);
		};
/* End PBXProject section */

/* Begin PBXResourcesBuildPhase section */
		5DC073771EA95B6D0028BBFA /* Resources */ = {
			isa = PBXResourcesBuildPhase;
			buildActionMask = 2147483647;
			files = (
				5DC0738F1EA95BCF0028BBFA /* Main.storyboard in Resources */,
				5DC073871EA95B6D0028BBFA /* LaunchScreen.storyboard in Resources */,
				5DC073841EA95B6D0028BBFA /* Assets.xcassets in Resources */,
			);
			runOnlyForDeploymentPostprocessing = 0;
		};
/* End PBXResourcesBuildPhase section */

/* Begin PBXSourcesBuildPhase section */
		5DC073751EA95B6D0028BBFA /* Sources */ = {
			isa = PBXSourcesBuildPhase;
			buildActionMask = 2147483647;
			files = (
				5D171B931EABDE940005BFD3 /* QuizController.swift in Sources */,
				5D171B911EABBCE60005BFD3 /* KDCircularProgress.swift in Sources */,
				5DC0737F1EA95B6D0028BBFA /* ViewController.swift in Sources */,
				B5FAE43E1EABCEC80041E0F0 /* Question.swift in Sources */,
				B52F7FD61EAC484600395BC7 /* Player.swift in Sources */,
				5DC0737D1EA95B6D0028BBFA /* AppDelegate.swift in Sources */,
				B5FAE43C1EABB5550041E0F0 /* Quiz.swift in Sources */,
				5D00D06A1EAF7D6C00B6AA09 /* placeCell.swift in Sources */,
				5D00D06C1EAF7DFA00B6AA09 /* GameOverViewController.swift in Sources */,
			);
			runOnlyForDeploymentPostprocessing = 0;
		};
/* End PBXSourcesBuildPhase section */

/* Begin PBXVariantGroup section */
		5DC073851EA95B6D0028BBFA /* LaunchScreen.storyboard */ = {
			isa = PBXVariantGroup;
			children = (
				5DC073861EA95B6D0028BBFA /* Base */,
			);
			name = LaunchScreen.storyboard;
			sourceTree = "<group>";
		};
/* End PBXVariantGroup section */

/* Begin XCBuildConfiguration section */
		5DC073891EA95B6D0028BBFA /* Debug */ = {
			isa = XCBuildConfiguration;
			buildSettings = {
				ALWAYS_SEARCH_USER_PATHS = NO;
				CLANG_ANALYZER_NONNULL = YES;
				CLANG_ANALYZER_NUMBER_OBJECT_CONVERSION = YES_AGGRESSIVE;
				CLANG_CXX_LANGUAGE_STANDARD = "gnu++0x";
				CLANG_CXX_LIBRARY = "libc++";
				CLANG_ENABLE_MODULES = YES;
				CLANG_ENABLE_OBJC_ARC = YES;
				CLANG_WARN_BOOL_CONVERSION = YES;
				CLANG_WARN_CONSTANT_CONVERSION = YES;
				CLANG_WARN_DIRECT_OBJC_ISA_USAGE = YES_ERROR;
				CLANG_WARN_DOCUMENTATION_COMMENTS = YES;
				CLANG_WARN_EMPTY_BODY = YES;
				CLANG_WARN_ENUM_CONVERSION = YES;
				CLANG_WARN_INFINITE_RECURSION = YES;
				CLANG_WARN_INT_CONVERSION = YES;
				CLANG_WARN_OBJC_ROOT_CLASS = YES_ERROR;
				CLANG_WARN_SUSPICIOUS_MOVE = YES;
				CLANG_WARN_UNREACHABLE_CODE = YES;
				CLANG_WARN__DUPLICATE_METHOD_MATCH = YES;
				"CODE_SIGN_IDENTITY[sdk=iphoneos*]" = "iPhone Developer";
				COPY_PHASE_STRIP = NO;
				DEBUG_INFORMATION_FORMAT = dwarf;
				ENABLE_STRICT_OBJC_MSGSEND = YES;
				ENABLE_TESTABILITY = YES;
				GCC_C_LANGUAGE_STANDARD = gnu99;
				GCC_DYNAMIC_NO_PIC = NO;
				GCC_NO_COMMON_BLOCKS = YES;
				GCC_OPTIMIZATION_LEVEL = 0;
				GCC_PREPROCESSOR_DEFINITIONS = (
					"DEBUG=1",
					"$(inherited)",
				);
				GCC_WARN_64_TO_32_BIT_CONVERSION = YES;
				GCC_WARN_ABOUT_RETURN_TYPE = YES_ERROR;
				GCC_WARN_UNDECLARED_SELECTOR = YES;
				GCC_WARN_UNINITIALIZED_AUTOS = YES_AGGRESSIVE;
				GCC_WARN_UNUSED_FUNCTION = YES;
				GCC_WARN_UNUSED_VARIABLE = YES;
				IPHONEOS_DEPLOYMENT_TARGET = 10.3;
				MTL_ENABLE_DEBUG_INFO = YES;
				ONLY_ACTIVE_ARCH = YES;
				SDKROOT = iphoneos;
				SWIFT_ACTIVE_COMPILATION_CONDITIONS = DEBUG;
				SWIFT_OPTIMIZATION_LEVEL = "-Onone";
				TARGETED_DEVICE_FAMILY = "1,2";
			};
			name = Debug;
		};
		5DC0738A1EA95B6D0028BBFA /* Release */ = {
			isa = XCBuildConfiguration;
			buildSettings = {
				ALWAYS_SEARCH_USER_PATHS = NO;
				CLANG_ANALYZER_NONNULL = YES;
				CLANG_ANALYZER_NUMBER_OBJECT_CONVERSION = YES_AGGRESSIVE;
				CLANG_CXX_LANGUAGE_STANDARD = "gnu++0x";
				CLANG_CXX_LIBRARY = "libc++";
				CLANG_ENABLE_MODULES = YES;
				CLANG_ENABLE_OBJC_ARC = YES;
				CLANG_WARN_BOOL_CONVERSION = YES;
				CLANG_WARN_CONSTANT_CONVERSION = YES;
				CLANG_WARN_DIRECT_OBJC_ISA_USAGE = YES_ERROR;
				CLANG_WARN_DOCUMENTATION_COMMENTS = YES;
				CLANG_WARN_EMPTY_BODY = YES;
				CLANG_WARN_ENUM_CONVERSION = YES;
				CLANG_WARN_INFINITE_RECURSION = YES;
				CLANG_WARN_INT_CONVERSION = YES;
				CLANG_WARN_OBJC_ROOT_CLASS = YES_ERROR;
				CLANG_WARN_SUSPICIOUS_MOVE = YES;
				CLANG_WARN_UNREACHABLE_CODE = YES;
				CLANG_WARN__DUPLICATE_METHOD_MATCH = YES;
				"CODE_SIGN_IDENTITY[sdk=iphoneos*]" = "iPhone Developer";
				COPY_PHASE_STRIP = NO;
				DEBUG_INFORMATION_FORMAT = "dwarf-with-dsym";
				ENABLE_NS_ASSERTIONS = NO;
				ENABLE_STRICT_OBJC_MSGSEND = YES;
				GCC_C_LANGUAGE_STANDARD = gnu99;
				GCC_NO_COMMON_BLOCKS = YES;
				GCC_WARN_64_TO_32_BIT_CONVERSION = YES;
				GCC_WARN_ABOUT_RETURN_TYPE = YES_ERROR;
				GCC_WARN_UNDECLARED_SELECTOR = YES;
				GCC_WARN_UNINITIALIZED_AUTOS = YES_AGGRESSIVE;
				GCC_WARN_UNUSED_FUNCTION = YES;
				GCC_WARN_UNUSED_VARIABLE = YES;
				IPHONEOS_DEPLOYMENT_TARGET = 10.3;
				MTL_ENABLE_DEBUG_INFO = NO;
				SDKROOT = iphoneos;
				SWIFT_OPTIMIZATION_LEVEL = "-Owholemodule";
				TARGETED_DEVICE_FAMILY = "1,2";
				VALIDATE_PRODUCT = YES;
			};
			name = Release;
		};
		5DC0738C1EA95B6D0028BBFA /* Debug */ = {
			isa = XCBuildConfiguration;
			buildSettings = {
				ASSETCATALOG_COMPILER_APPICON_NAME = AppIcon;
				DEVELOPMENT_TEAM = 8B4QBLLSCD;
				INFOPLIST_FILE = MultiChat/Info.plist;
				LD_RUNPATH_SEARCH_PATHS = "$(inherited) @executable_path/Frameworks";
				PRODUCT_BUNDLE_IDENTIFIER = com.vcu.MultiChat;
				PRODUCT_NAME = "$(TARGET_NAME)";
				SWIFT_VERSION = 3.0;
			};
			name = Debug;
		};
		5DC0738D1EA95B6D0028BBFA /* Release */ = {
			isa = XCBuildConfiguration;
			buildSettings = {
				ASSETCATALOG_COMPILER_APPICON_NAME = AppIcon;
				DEVELOPMENT_TEAM = 8B4QBLLSCD;
				INFOPLIST_FILE = MultiChat/Info.plist;
				LD_RUNPATH_SEARCH_PATHS = "$(inherited) @executable_path/Frameworks";
				PRODUCT_BUNDLE_IDENTIFIER = com.vcu.MultiChat;
				PRODUCT_NAME = "$(TARGET_NAME)";
				SWIFT_VERSION = 3.0;
			};
			name = Release;
		};
/* End XCBuildConfiguration section */

/* Begin XCConfigurationList section */
		5DC073741EA95B6D0028BBFA /* Build configuration list for PBXProject "MultiChat" */ = {
			isa = XCConfigurationList;
			buildConfigurations = (
				5DC073891EA95B6D0028BBFA /* Debug */,
				5DC0738A1EA95B6D0028BBFA /* Release */,
			);
			defaultConfigurationIsVisible = 0;
			defaultConfigurationName = Release;
		};
		5DC0738B1EA95B6D0028BBFA /* Build configuration list for PBXNativeTarget "MultiChat" */ = {
			isa = XCConfigurationList;
			buildConfigurations = (
				5DC0738C1EA95B6D0028BBFA /* Debug */,
				5DC0738D1EA95B6D0028BBFA /* Release */,
			);
			defaultConfigurationIsVisible = 0;
			defaultConfigurationName = Release;
		};
/* End XCConfigurationList section */
	};
	rootObject = 5DC073711EA95B6D0028BBFA /* Project object */;
}
